Microsoft Visual Studio Solution File, Format Version 12.00
# Visual Studio Version 17
VisualStudioVersion = 17.0.31903.59
MinimumVisualStudioVersion = 10.0.40219.1
Project("{FAE04EC0-301F-11D3-BF4B-00C04F79EFBC}") = "ZapretGui.Core", "src\ZapretGui.Core\ZapretGui.Core.csproj", "{696EA86B-A8D9-4D8C-87CD-35EAB30E5521}"
EndProject
Project("{FAE04EC0-301F-11D3-BF4B-00C04F79EFBC}") = "ZapretGui.App", "src\ZapretGui.App\ZapretGui.App.csproj", "{552E5757-58FD-4B58-8112-43AF37861204}"
EndProject
Project("{FAE04EC0-301F-11D3-BF4B-00C04F79EFBC}") = "ZapretGui.Tests", "src\ZapretGui.Tests\ZapretGui.Tests.csproj", "{9D7522FB-DDB4-4E41-A55F-0CE4CEF0E2EA}"
EndProject
Global
	GlobalSection(SolutionConfigurationPlatforms) = preSolution
		Debug|Any CPU = Debug|Any CPU
		Release|Any CPU = Release|Any CPU
	EndGlobalSection
	GlobalSection(ProjectConfigurationPlatforms) = postSolution
		{696EA86B-A8D9-4D8C-87CD-35EAB30E5521}.Debug|Any CPU.ActiveCfg = Debug|Any CPU
		{696EA86B-A8D9-4D8C-87CD-35EAB30E5521}.Debug|Any CPU.Build.0 = Debug|Any CPU
		{696EA86B-A8D9-4D8C-87CD-35EAB30E5521}.Release|Any CPU.ActiveCfg = Release|Any CPU
		{696EA86B-A8D9-4D8C-87CD-35EAB30E5521}.Release|Any CPU.Build.0 = Release|Any CPU
		{552E5757-58FD-4B58-8112-43AF37861204}.Debug|Any CPU.ActiveCfg = Debug|Any CPU
		{552E5757-58FD-4B58-8112-43AF37861204}.Debug|Any CPU.Build.0 = Debug|Any CPU
		{552E5757-58FD-4B58-8112-43AF37861204}.Release|Any CPU.ActiveCfg = Release|Any CPU
		{552E5757-58FD-4B58-8112-43AF37861204}.Release|Any CPU.Build.0 = Release|Any CPU
		{9D7522FB-DDB4-4E41-A55F-0CE4CEF0E2EA}.Debug|Any CPU.ActiveCfg = Debug|Any CPU
		{9D7522FB-DDB4-4E41-A55F-0CE4CEF0E2EA}.Debug|Any CPU.Build.0 = Debug|Any CPU
		{9D7522FB-DDB4-4E41-A55F-0CE4CEF0E2EA}.Release|Any CPU.ActiveCfg = Release|Any CPU
		{9D7522FB-DDB4-4E41-A55F-0CE4CEF0E2EA}.Release|Any CPU.Build.0 = Release|Any CPU
	EndGlobalSection
	GlobalSection(SolutionProperties) = preSolution
		HideSolutionNode = FALSE
	EndGlobalSection
EndGlobal
